
Microsoft Visual Studio Solution File, Format Version 12.00
# Visual Studio Version 16
VisualStudioVersion = 16.0.30114.105
MinimumVisualStudioVersion = 10.0.40219.1
Project("{9A19103F-16F7-4668-BE54-9A1E7A4F7556}") = "Orthography2", "Orthography2\Orthography2.csproj", "{5CD1C84F-19E1-4270-A06D-A4C993155043}"
EndProject
Project("{9A19103F-16F7-4668-BE54-9A1E7A4F7556}") = "DataLayer", "DataLayer\DataLayer.csproj", "{E0B93BF5-8AA5-42F8-9699-74DE9010D482}"
EndProject
Project("{9A19103F-16F7-4668-BE54-9A1E7A4F7556}") = "DataLayerTest", "DataLayerTest\DataLayerTest.csproj", "{CC9C34D7-A953-41D8-8CB3-21A75B138767}"
EndProject
Project("{9A19103F-16F7-4668-BE54-9A1E7A4F7556}") = "Orthography", "Orthography\Orthography.csproj", "{3DBF532F-9D2F-4D8D-B269-CF38A5E38A4C}"
EndProject
Project("{9A19103F-16F7-4668-BE54-9A1E7A4F7556}") = "OrthographyWebAPI", "OrthographyWebAPI\OrthographyWebAPI.csproj", "{35F889DA-69D8-467F-88AC-FBF973A6814E}"
EndProject
Project("{2150E333-8FDC-42A3-9474-1A3956D46DE8}") = "Mobile", "Mobile", "{49AE3CD1-B57E-48D1-95CF-4CF669CC38A6}"
EndProject
Project("{9A19103F-16F7-4668-BE54-9A1E7A4F7556}") = "OrthographyMobile", "Mobile\OrthographyMobile\OrthographyMobile.csproj", "{B547E978-AF3F-4C31-969D-E31E5D040285}"
EndProject
Project("{FAE04EC0-301F-11D3-BF4B-00C04F79EFBC}") = "OrthographyMobile.Droid", "Mobile\OrthographyMobile.Droid\OrthographyMobile.Droid.csproj", "{38C703A4-F70C-492B-ABD0-B20650673DF3}"
EndProject
Project("{FAE04EC0-301F-11D3-BF4B-00C04F79EFBC}") = "OrthographyMobile.iOS", "Mobile\OrthographyMobile.iOS\OrthographyMobile.iOS.csproj", "{DC70882A-3573-4D43-A54C-C5F93EC9C249}"
EndProject
Global
	GlobalSection(SolutionConfigurationPlatforms) = preSolution
		Debug|Any CPU = Debug|Any CPU
		Debug|iPhone = Debug|iPhone
		Debug|iPhoneSimulator = Debug|iPhoneSimulator
		Release|Any CPU = Release|Any CPU
		Release|iPhone = Release|iPhone
		Release|iPhoneSimulator = Release|iPhoneSimulator
	EndGlobalSection
	GlobalSection(ProjectConfigurationPlatforms) = postSolution
		{5CD1C84F-19E1-4270-A06D-A4C993155043}.Debug|Any CPU.ActiveCfg = Debug|Any CPU
		{5CD1C84F-19E1-4270-A06D-A4C993155043}.Debug|Any CPU.Build.0 = Debug|Any CPU
		{5CD1C84F-19E1-4270-A06D-A4C993155043}.Debug|iPhone.ActiveCfg = Debug|Any CPU
		{5CD1C84F-19E1-4270-A06D-A4C993155043}.Debug|iPhoneSimulator.ActiveCfg = Debug|Any CPU
		{5CD1C84F-19E1-4270-A06D-A4C993155043}.Release|Any CPU.ActiveCfg = Release|Any CPU
		{5CD1C84F-19E1-4270-A06D-A4C993155043}.Release|Any CPU.Build.0 = Release|Any CPU
		{5CD1C84F-19E1-4270-A06D-A4C993155043}.Release|iPhone.ActiveCfg = Release|Any CPU
		{5CD1C84F-19E1-4270-A06D-A4C993155043}.Release|iPhoneSimulator.ActiveCfg = Release|Any CPU
		{E0B93BF5-8AA5-42F8-9699-74DE9010D482}.Debug|Any CPU.ActiveCfg = Debug|Any CPU
		{E0B93BF5-8AA5-42F8-9699-74DE9010D482}.Debug|Any CPU.Build.0 = Debug|Any CPU
		{E0B93BF5-8AA5-42F8-9699-74DE9010D482}.Debug|iPhone.ActiveCfg = Debug|Any CPU
		{E0B93BF5-8AA5-42F8-9699-74DE9010D482}.Debug|iPhone.Build.0 = Debug|Any CPU
		{E0B93BF5-8AA5-42F8-9699-74DE9010D482}.Debug|iPhoneSimulator.ActiveCfg = Debug|Any CPU
		{E0B93BF5-8AA5-42F8-9699-74DE9010D482}.Debug|iPhoneSimulator.Build.0 = Debug|Any CPU
		{E0B93BF5-8AA5-42F8-9699-74DE9010D482}.Release|Any CPU.ActiveCfg = Release|Any CPU
		{E0B93BF5-8AA5-42F8-9699-74DE9010D482}.Release|Any CPU.Build.0 = Release|Any CPU
		{E0B93BF5-8AA5-42F8-9699-74DE9010D482}.Release|iPhone.ActiveCfg = Release|Any CPU
		{E0B93BF5-8AA5-42F8-9699-74DE9010D482}.Release|iPhone.Build.0 = Release|Any CPU
		{E0B93BF5-8AA5-42F8-9699-74DE9010D482}.Release|iPhoneSimulator.ActiveCfg = Release|Any CPU
		{E0B93BF5-8AA5-42F8-9699-74DE9010D482}.Release|iPhoneSimulator.Build.0 = Release|Any CPU
		{CC9C34D7-A953-41D8-8CB3-21A75B138767}.Debug|Any CPU.ActiveCfg = Debug|Any CPU
		{CC9C34D7-A953-41D8-8CB3-21A75B138767}.Debug|Any CPU.Build.0 = Debug|Any CPU
		{CC9C34D7-A953-41D8-8CB3-21A75B138767}.Debug|iPhone.ActiveCfg = Debug|Any CPU
		{CC9C34D7-A953-41D8-8CB3-21A75B138767}.Debug|iPhone.Build.0 = Debug|Any CPU
		{CC9C34D7-A953-41D8-8CB3-21A75B138767}.Debug|iPhoneSimulator.ActiveCfg = Debug|Any CPU
		{CC9C34D7-A953-41D8-8CB3-21A75B138767}.Debug|iPhoneSimulator.Build.0 = Debug|Any CPU
		{CC9C34D7-A953-41D8-8CB3-21A75B138767}.Release|Any CPU.ActiveCfg = Release|Any CPU
		{CC9C34D7-A953-41D8-8CB3-21A75B138767}.Release|Any CPU.Build.0 = Release|Any CPU
		{CC9C34D7-A953-41D8-8CB3-21A75B138767}.Release|iPhone.ActiveCfg = Release|Any CPU
		{CC9C34D7-A953-41D8-8CB3-21A75B138767}.Release|iPhone.Build.0 = Release|Any CPU
		{CC9C34D7-A953-41D8-8CB3-21A75B138767}.Release|iPhoneSimulator.ActiveCfg = Release|Any CPU
		{CC9C34D7-A953-41D8-8CB3-21A75B138767}.Release|iPhoneSimulator.Build.0 = Release|Any CPU
		{3DBF532F-9D2F-4D8D-B269-CF38A5E38A4C}.Debug|Any CPU.ActiveCfg = Debug|Any CPU
		{3DBF532F-9D2F-4D8D-B269-CF38A5E38A4C}.Debug|Any CPU.Build.0 = Debug|Any CPU
		{3DBF532F-9D2F-4D8D-B269-CF38A5E38A4C}.Debug|iPhone.ActiveCfg = Debug|Any CPU
		{3DBF532F-9D2F-4D8D-B269-CF38A5E38A4C}.Debug|iPhone.Build.0 = Debug|Any CPU
		{3DBF532F-9D2F-4D8D-B269-CF38A5E38A4C}.Debug|iPhoneSimulator.ActiveCfg = Debug|Any CPU
		{3DBF532F-9D2F-4D8D-B269-CF38A5E38A4C}.Debug|iPhoneSimulator.Build.0 = Debug|Any CPU
		{3DBF532F-9D2F-4D8D-B269-CF38A5E38A4C}.Release|Any CPU.ActiveCfg = Release|Any CPU
		{3DBF532F-9D2F-4D8D-B269-CF38A5E38A4C}.Release|Any CPU.Build.0 = Release|Any CPU
		{3DBF532F-9D2F-4D8D-B269-CF38A5E38A4C}.Release|iPhone.ActiveCfg = Release|Any CPU
		{3DBF532F-9D2F-4D8D-B269-CF38A5E38A4C}.Release|iPhone.Build.0 = Release|Any CPU
		{3DBF532F-9D2F-4D8D-B269-CF38A5E38A4C}.Release|iPhoneSimulator.ActiveCfg = Release|Any CPU
		{3DBF532F-9D2F-4D8D-B269-CF38A5E38A4C}.Release|iPhoneSimulator.Build.0 = Release|Any CPU
		{35F889DA-69D8-467F-88AC-FBF973A6814E}.Debug|Any CPU.ActiveCfg = Debug|Any CPU
		{35F889DA-69D8-467F-88AC-FBF973A6814E}.Debug|Any CPU.Build.0 = Debug|Any CPU
		{35F889DA-69D8-467F-88AC-FBF973A6814E}.Debug|iPhone.ActiveCfg = Debug|Any CPU
		{35F889DA-69D8-467F-88AC-FBF973A6814E}.Debug|iPhone.Build.0 = Debug|Any CPU
		{35F889DA-69D8-467F-88AC-FBF973A6814E}.Debug|iPhoneSimulator.ActiveCfg = Debug|Any CPU
		{35F889DA-69D8-467F-88AC-FBF973A6814E}.Debug|iPhoneSimulator.Build.0 = Debug|Any CPU
		{35F889DA-69D8-467F-88AC-FBF973A6814E}.Release|Any CPU.ActiveCfg = Release|Any CPU
		{35F889DA-69D8-467F-88AC-FBF973A6814E}.Release|Any CPU.Build.0 = Release|Any CPU
		{35F889DA-69D8-467F-88AC-FBF973A6814E}.Release|iPhone.ActiveCfg = Release|Any CPU
		{35F889DA-69D8-467F-88AC-FBF973A6814E}.Release|iPhone.Build.0 = Release|Any CPU
		{35F889DA-69D8-467F-88AC-FBF973A6814E}.Release|iPhoneSimulator.ActiveCfg = Release|Any CPU
		{35F889DA-69D8-467F-88AC-FBF973A6814E}.Release|iPhoneSimulator.Build.0 = Release|Any CPU
		{B547E978-AF3F-4C31-969D-E31E5D040285}.Debug|Any CPU.ActiveCfg = Debug|Any CPU
		{B547E978-AF3F-4C31-969D-E31E5D040285}.Debug|Any CPU.Build.0 = Debug|Any CPU
		{B547E978-AF3F-4C31-969D-E31E5D040285}.Debug|iPhone.ActiveCfg = Debug|Any CPU
		{B547E978-AF3F-4C31-969D-E31E5D040285}.Debug|iPhone.Build.0 = Debug|Any CPU
		{B547E978-AF3F-4C31-969D-E31E5D040285}.Debug|iPhoneSimulator.ActiveCfg = Debug|Any CPU
		{B547E978-AF3F-4C31-969D-E31E5D040285}.Debug|iPhoneSimulator.Build.0 = Debug|Any CPU
		{B547E978-AF3F-4C31-969D-E31E5D040285}.Release|Any CPU.ActiveCfg = Release|Any CPU
		{B547E978-AF3F-4C31-969D-E31E5D040285}.Release|Any CPU.Build.0 = Release|Any CPU
		{B547E978-AF3F-4C31-969D-E31E5D040285}.Release|iPhone.ActiveCfg = Release|Any CPU
		{B547E978-AF3F-4C31-969D-E31E5D040285}.Release|iPhone.Build.0 = Release|Any CPU
		{B547E978-AF3F-4C31-969D-E31E5D040285}.Release|iPhoneSimulator.ActiveCfg = Release|Any CPU
		{B547E978-AF3F-4C31-969D-E31E5D040285}.Release|iPhoneSimulator.Build.0 = Release|Any CPU
		{38C703A4-F70C-492B-ABD0-B20650673DF3}.Debug|Any CPU.ActiveCfg = Debug|Any CPU
		{38C703A4-F70C-492B-ABD0-B20650673DF3}.Debug|Any CPU.Build.0 = Debug|Any CPU
		{38C703A4-F70C-492B-ABD0-B20650673DF3}.Debug|Any CPU.Deploy.0 = Debug|Any CPU
		{38C703A4-F70C-492B-ABD0-B20650673DF3}.Debug|iPhone.ActiveCfg = Debug|Any CPU
		{38C703A4-F70C-492B-ABD0-B20650673DF3}.Debug|iPhone.Build.0 = Debug|Any CPU
		{38C703A4-F70C-492B-ABD0-B20650673DF3}.Debug|iPhone.Deploy.0 = Debug|Any CPU
		{38C703A4-F70C-492B-ABD0-B20650673DF3}.Debug|iPhoneSimulator.ActiveCfg = Debug|Any CPU
		{38C703A4-F70C-492B-ABD0-B20650673DF3}.Debug|iPhoneSimulator.Build.0 = Debug|Any CPU
		{38C703A4-F70C-492B-ABD0-B20650673DF3}.Debug|iPhoneSimulator.Deploy.0 = Debug|Any CPU
		{38C703A4-F70C-492B-ABD0-B20650673DF3}.Release|Any CPU.ActiveCfg = Release|Any CPU
		{38C703A4-F70C-492B-ABD0-B20650673DF3}.Release|Any CPU.Build.0 = Release|Any CPU
		{38C703A4-F70C-492B-ABD0-B20650673DF3}.Release|Any CPU.Deploy.0 = Release|Any CPU
		{38C703A4-F70C-492B-ABD0-B20650673DF3}.Release|iPhone.ActiveCfg = Release|Any CPU
		{38C703A4-F70C-492B-ABD0-B20650673DF3}.Release|iPhone.Build.0 = Release|Any CPU
		{38C703A4-F70C-492B-ABD0-B20650673DF3}.Release|iPhone.Deploy.0 = Release|Any CPU
		{38C703A4-F70C-492B-ABD0-B20650673DF3}.Release|iPhoneSimulator.ActiveCfg = Release|Any CPU
		{38C703A4-F70C-492B-ABD0-B20650673DF3}.Release|iPhoneSimulator.Build.0 = Release|Any CPU
		{38C703A4-F70C-492B-ABD0-B20650673DF3}.Release|iPhoneSimulator.Deploy.0 = Release|Any CPU
		{DC70882A-3573-4D43-A54C-C5F93EC9C249}.Debug|Any CPU.ActiveCfg = Debug|iPhone
		{DC70882A-3573-4D43-A54C-C5F93EC9C249}.Debug|iPhone.ActiveCfg = Debug|iPhone
		{DC70882A-3573-4D43-A54C-C5F93EC9C249}.Debug|iPhone.Build.0 = Debug|iPhone
		{DC70882A-3573-4D43-A54C-C5F93EC9C249}.Debug|iPhoneSimulator.ActiveCfg = Debug|iPhoneSimulator
		{DC70882A-3573-4D43-A54C-C5F93EC9C249}.Debug|iPhoneSimulator.Build.0 = Debug|iPhoneSimulator
		{DC70882A-3573-4D43-A54C-C5F93EC9C249}.Release|Any CPU.ActiveCfg = Release|iPhone
		{DC70882A-3573-4D43-A54C-C5F93EC9C249}.Release|iPhone.ActiveCfg = Release|iPhone
		{DC70882A-3573-4D43-A54C-C5F93EC9C249}.Release|iPhone.Build.0 = Release|iPhone
		{DC70882A-3573-4D43-A54C-C5F93EC9C249}.Release|iPhoneSimulator.ActiveCfg = Release|iPhoneSimulator
		{DC70882A-3573-4D43-A54C-C5F93EC9C249}.Release|iPhoneSimulator.Build.0 = Release|iPhoneSimulator
	EndGlobalSection
	GlobalSection(SolutionProperties) = preSolution
		HideSolutionNode = FALSE
	EndGlobalSection
	GlobalSection(NestedProjects) = preSolution
		{B547E978-AF3F-4C31-969D-E31E5D040285} = {49AE3CD1-B57E-48D1-95CF-4CF669CC38A6}
		{38C703A4-F70C-492B-ABD0-B20650673DF3} = {49AE3CD1-B57E-48D1-95CF-4CF669CC38A6}
		{DC70882A-3573-4D43-A54C-C5F93EC9C249} = {49AE3CD1-B57E-48D1-95CF-4CF669CC38A6}
	EndGlobalSection
	GlobalSection(ExtensibilityGlobals) = postSolution
		SolutionGuid = {A395FE9C-7240-4C32-BD62-7A89581C7494}
	EndGlobalSection
EndGlobal
