
Microsoft Visual Studio Solution File, Format Version 12.00
# Visual Studio Version 16
VisualStudioVersion = 16.0.30114.105
MinimumVisualStudioVersion = 10.0.40219.1
Project("{9A19103F-16F7-4668-BE54-9A1E7A4F7556}") = "Orthography2", "Orthography2\Orthography2.csproj", "{5CD1C84F-19E1-4270-A06D-A4C993155043}"
EndProject
Project("{9A19103F-16F7-4668-BE54-9A1E7A4F7556}") = "DataLayer", "DataLayer\DataLayer.csproj", "{E0B93BF5-8AA5-42F8-9699-74DE9010D482}"
EndProject
Project("{9A19103F-16F7-4668-BE54-9A1E7A4F7556}") = "DataLayerTest", "DataLayerTest\DataLayerTest.csproj", "{CC9C34D7-A953-41D8-8CB3-21A75B138767}"
EndProject
Project("{FAE04EC0-301F-11D3-BF4B-00C04F79EFBC}") = "Orthography", "Orthography\Orthography.csproj", "{3DBF532F-9D2F-4D8D-B269-CF38A5E38A4C}"
EndProject
Global
	GlobalSection(SolutionConfigurationPlatforms) = preSolution
		Debug|Any CPU = Debug|Any CPU
		Release|Any CPU = Release|Any CPU
	EndGlobalSection
	GlobalSection(ProjectConfigurationPlatforms) = postSolution
		{5CD1C84F-19E1-4270-A06D-A4C993155043}.Debug|Any CPU.ActiveCfg = Debug|Any CPU
		{5CD1C84F-19E1-4270-A06D-A4C993155043}.Debug|Any CPU.Build.0 = Debug|Any CPU
		{5CD1C84F-19E1-4270-A06D-A4C993155043}.Release|Any CPU.ActiveCfg = Release|Any CPU
		{5CD1C84F-19E1-4270-A06D-A4C993155043}.Release|Any CPU.Build.0 = Release|Any CPU
		{E0B93BF5-8AA5-42F8-9699-74DE9010D482}.Debug|Any CPU.ActiveCfg = Debug|Any CPU
		{E0B93BF5-8AA5-42F8-9699-74DE9010D482}.Debug|Any CPU.Build.0 = Debug|Any CPU
		{E0B93BF5-8AA5-42F8-9699-74DE9010D482}.Release|Any CPU.ActiveCfg = Release|Any CPU
		{E0B93BF5-8AA5-42F8-9699-74DE9010D482}.Release|Any CPU.Build.0 = Release|Any CPU
		{CC9C34D7-A953-41D8-8CB3-21A75B138767}.Debug|Any CPU.ActiveCfg = Debug|Any CPU
		{CC9C34D7-A953-41D8-8CB3-21A75B138767}.Debug|Any CPU.Build.0 = Debug|Any CPU
		{CC9C34D7-A953-41D8-8CB3-21A75B138767}.Release|Any CPU.ActiveCfg = Release|Any CPU
		{CC9C34D7-A953-41D8-8CB3-21A75B138767}.Release|Any CPU.Build.0 = Release|Any CPU
		{3DBF532F-9D2F-4D8D-B269-CF38A5E38A4C}.Debug|Any CPU.ActiveCfg = Debug|Any CPU
		{3DBF532F-9D2F-4D8D-B269-CF38A5E38A4C}.Debug|Any CPU.Build.0 = Debug|Any CPU
		{3DBF532F-9D2F-4D8D-B269-CF38A5E38A4C}.Release|Any CPU.ActiveCfg = Release|Any CPU
		{3DBF532F-9D2F-4D8D-B269-CF38A5E38A4C}.Release|Any CPU.Build.0 = Release|Any CPU
	EndGlobalSection
	GlobalSection(SolutionProperties) = preSolution
		HideSolutionNode = FALSE
	EndGlobalSection
	GlobalSection(ExtensibilityGlobals) = postSolution
		SolutionGuid = {A395FE9C-7240-4C32-BD62-7A89581C7494}
	EndGlobalSection
EndGlobal
